
Microsoft Visual Studio Solution File, Format Version 12.00
# Visual Studio Version 18
VisualStudioVersion = 18.4.11626.88 stable
MinimumVisualStudioVersion = 10.0.40219.1
Project("{FAE04EC0-301F-11D3-BF4B-00C04F79EFBC}") = "OnlineMartApp", "OnlineMartApp\OnlineMartApp.csproj", "{0D878B8C-0F8F-4B98-B454-052D973BF85D}"
EndProject
Project("{FAE04EC0-301F-11D3-BF4B-00C04F79EFBC}") = "OnlineMartApp.Components", "OnlineMartApp.Components\OnlineMartApp.Components.csproj", "{0744CCFF-4A5E-4069-89F2-F3A1E9F45FEA}"
EndProject
Project("{FAE04EC0-301F-11D3-BF4B-00C04F79EFBC}") = "OnlineMartApp.Dal", "OnlineMartApp.Dal\OnlineMartApp.Dal.csproj", "{2741231B-F719-4A89-B68D-E81B44A37D8A}"
EndProject
Global
	GlobalSection(SolutionConfigurationPlatforms) = preSolution
		Debug|Any CPU = Debug|Any CPU
		Release|Any CPU = Release|Any CPU
	EndGlobalSection
	GlobalSection(ProjectConfigurationPlatforms) = postSolution
		{0D878B8C-0F8F-4B98-B454-052D973BF85D}.Debug|Any CPU.ActiveCfg = Debug|Any CPU
		{0D878B8C-0F8F-4B98-B454-052D973BF85D}.Debug|Any CPU.Build.0 = Debug|Any CPU
		{0D878B8C-0F8F-4B98-B454-052D973BF85D}.Release|Any CPU.ActiveCfg = Release|Any CPU
		{0D878B8C-0F8F-4B98-B454-052D973BF85D}.Release|Any CPU.Build.0 = Release|Any CPU
		{0744CCFF-4A5E-4069-89F2-F3A1E9F45FEA}.Debug|Any CPU.ActiveCfg = Debug|Any CPU
		{0744CCFF-4A5E-4069-89F2-F3A1E9F45FEA}.Debug|Any CPU.Build.0 = Debug|Any CPU
		{0744CCFF-4A5E-4069-89F2-F3A1E9F45FEA}.Release|Any CPU.ActiveCfg = Release|Any CPU
		{0744CCFF-4A5E-4069-89F2-F3A1E9F45FEA}.Release|Any CPU.Build.0 = Release|Any CPU
		{2741231B-F719-4A89-B68D-E81B44A37D8A}.Debug|Any CPU.ActiveCfg = Debug|Any CPU
		{2741231B-F719-4A89-B68D-E81B44A37D8A}.Debug|Any CPU.Build.0 = Debug|Any CPU
		{2741231B-F719-4A89-B68D-E81B44A37D8A}.Release|Any CPU.ActiveCfg = Release|Any CPU
		{2741231B-F719-4A89-B68D-E81B44A37D8A}.Release|Any CPU.Build.0 = Release|Any CPU
	EndGlobalSection
	GlobalSection(SolutionProperties) = preSolution
		HideSolutionNode = FALSE
	EndGlobalSection
	GlobalSection(ExtensibilityGlobals) = postSolution
		SolutionGuid = {0D572296-EA86-4415-A582-6F0C9FA4B307}
	EndGlobalSection
EndGlobal
